
Microsoft Visual Studio Solution File, Format Version 12.00
# Visual Studio Version 16
VisualStudioVersion = 16.0.30204.135
MinimumVisualStudioVersion = 10.0.40219.1
Project("{FAE04EC0-301F-11D3-BF4B-00C04F79EFBC}") = "Commander", "Commander\Commander.csproj", "{1CEC34A7-95DE-4A33-90C7-5ECC5AAD7220}"
EndProject
Global
	GlobalSection(SolutionConfigurationPlatforms) = preSolution
		Debug|Any CPU = Debug|Any CPU
		Release|Any CPU = Release|Any CPU
	EndGlobalSection
	GlobalSection(ProjectConfigurationPlatforms) = postSolution
		{1CEC34A7-95DE-4A33-90C7-5ECC5AAD7220}.Debug|Any CPU.ActiveCfg = Debug|Any CPU
		{1CEC34A7-95DE-4A33-90C7-5ECC5AAD7220}.Debug|Any CPU.Build.0 = Debug|Any CPU
		{1CEC34A7-95DE-4A33-90C7-5ECC5AAD7220}.Release|Any CPU.ActiveCfg = Release|Any CPU
		{1CEC34A7-95DE-4A33-90C7-5ECC5AAD7220}.Release|Any CPU.Build.0 = Release|Any CPU
	EndGlobalSection
	GlobalSection(SolutionProperties) = preSolution
		HideSolutionNode = FALSE
	EndGlobalSection
	GlobalSection(ExtensibilityGlobals) = postSolution
		SolutionGuid = {FA5E482C-11A4-497F-9F3E-F43C4F6D09DD}
	EndGlobalSection
EndGlobal
